# This file is automatically @generated by Cargo.
# It is not intended for manual editing.
version = 3

[[package]]
name = "gossip-glomers-rust"
version = "0.1.0"
dependencies = [
 "maelstrom",
]

[[package]]
name = "maelstrom"
version = "0.1.0"
source = "registry+https://github.com/rust-lang/crates.io-index"
checksum = "07dc1c85cc361516b8a119b6392bdf42e8f9a27c80637834e28ce8095a64836e"
